
Microsoft Visual Studio Solution File, Format Version 12.00
# Visual Studio Version 17
VisualStudioVersion = 17.2.32616.157
MinimumVisualStudioVersion = 10.0.40219.1
Project("{9A19103F-16F7-4668-BE54-9A1E7A4F7556}") = "WebAPI", "WebAPI\WebAPI.csproj", "{911FC56A-750E-4493-AA4B-28EFD283AFB5}"
EndProject
Project("{9A19103F-16F7-4668-BE54-9A1E7A4F7556}") = "EmailWorkerService", "EmailWorkerService\EmailWorkerService.csproj", "{8CB69672-C592-4BF9-94A3-77814510F69D}"
EndProject
Project("{FAE04EC0-301F-11D3-BF4B-00C04F79EFBC}") = "Consumer", "Consumer\Consumer.csproj", "{CA5A6ED0-AC83-4A89-9229-D8DCDFE8D090}"
EndProject
Global
	GlobalSection(SolutionConfigurationPlatforms) = preSolution
		Debug|Any CPU = Debug|Any CPU
		Release|Any CPU = Release|Any CPU
	EndGlobalSection
	GlobalSection(ProjectConfigurationPlatforms) = postSolution
		{911FC56A-750E-4493-AA4B-28EFD283AFB5}.Debug|Any CPU.ActiveCfg = Debug|Any CPU
		{911FC56A-750E-4493-AA4B-28EFD283AFB5}.Debug|Any CPU.Build.0 = Debug|Any CPU
		{911FC56A-750E-4493-AA4B-28EFD283AFB5}.Release|Any CPU.ActiveCfg = Release|Any CPU
		{911FC56A-750E-4493-AA4B-28EFD283AFB5}.Release|Any CPU.Build.0 = Release|Any CPU
		{8CB69672-C592-4BF9-94A3-77814510F69D}.Debug|Any CPU.ActiveCfg = Debug|Any CPU
		{8CB69672-C592-4BF9-94A3-77814510F69D}.Debug|Any CPU.Build.0 = Debug|Any CPU
		{8CB69672-C592-4BF9-94A3-77814510F69D}.Release|Any CPU.ActiveCfg = Release|Any CPU
		{8CB69672-C592-4BF9-94A3-77814510F69D}.Release|Any CPU.Build.0 = Release|Any CPU
		{CA5A6ED0-AC83-4A89-9229-D8DCDFE8D090}.Debug|Any CPU.ActiveCfg = Debug|Any CPU
		{CA5A6ED0-AC83-4A89-9229-D8DCDFE8D090}.Debug|Any CPU.Build.0 = Debug|Any CPU
		{CA5A6ED0-AC83-4A89-9229-D8DCDFE8D090}.Release|Any CPU.ActiveCfg = Release|Any CPU
		{CA5A6ED0-AC83-4A89-9229-D8DCDFE8D090}.Release|Any CPU.Build.0 = Release|Any CPU
	EndGlobalSection
	GlobalSection(SolutionProperties) = preSolution
		HideSolutionNode = FALSE
	EndGlobalSection
	GlobalSection(ExtensibilityGlobals) = postSolution
		SolutionGuid = {F56A1F73-34E8-49D8-95FC-D0A624A99982}
	EndGlobalSection
EndGlobal
